
Microsoft Visual Studio Solution File, Format Version 12.00
# Visual Studio Version 17
VisualStudioVersion = 17.2.32616.157
MinimumVisualStudioVersion = 10.0.40219.1
Project("{9A19103F-16F7-4668-BE54-9A1E7A4F7556}") = "OrderCRUD.DAL", "OrderCRUD.DAL\OrderCRUD.DAL.csproj", "{58C56523-8FED-4B4C-A15B-BD5BBBB1EE4D}"
EndProject
Project("{9A19103F-16F7-4668-BE54-9A1E7A4F7556}") = "OrderCRUD.UI", "OrderCRUD.UI\OrderCRUD.UI.csproj", "{7163F485-112E-451D-BC6C-E5096FC7D5BF}"
EndProject
Project("{FAE04EC0-301F-11D3-BF4B-00C04F79EFBC}") = "OrderCRUD.BLL", "OrderCRUD.BLL\OrderCRUD.BLL.csproj", "{45BA30E3-097E-461A-9C1F-D665A5843762}"
EndProject
Global
	GlobalSection(SolutionConfigurationPlatforms) = preSolution
		Debug|Any CPU = Debug|Any CPU
		Release|Any CPU = Release|Any CPU
	EndGlobalSection
	GlobalSection(ProjectConfigurationPlatforms) = postSolution
		{58C56523-8FED-4B4C-A15B-BD5BBBB1EE4D}.Debug|Any CPU.ActiveCfg = Debug|Any CPU
		{58C56523-8FED-4B4C-A15B-BD5BBBB1EE4D}.Debug|Any CPU.Build.0 = Debug|Any CPU
		{58C56523-8FED-4B4C-A15B-BD5BBBB1EE4D}.Release|Any CPU.ActiveCfg = Release|Any CPU
		{58C56523-8FED-4B4C-A15B-BD5BBBB1EE4D}.Release|Any CPU.Build.0 = Release|Any CPU
		{7163F485-112E-451D-BC6C-E5096FC7D5BF}.Debug|Any CPU.ActiveCfg = Debug|Any CPU
		{7163F485-112E-451D-BC6C-E5096FC7D5BF}.Debug|Any CPU.Build.0 = Debug|Any CPU
		{7163F485-112E-451D-BC6C-E5096FC7D5BF}.Release|Any CPU.ActiveCfg = Release|Any CPU
		{7163F485-112E-451D-BC6C-E5096FC7D5BF}.Release|Any CPU.Build.0 = Release|Any CPU
		{45BA30E3-097E-461A-9C1F-D665A5843762}.Debug|Any CPU.ActiveCfg = Debug|Any CPU
		{45BA30E3-097E-461A-9C1F-D665A5843762}.Debug|Any CPU.Build.0 = Debug|Any CPU
		{45BA30E3-097E-461A-9C1F-D665A5843762}.Release|Any CPU.ActiveCfg = Release|Any CPU
		{45BA30E3-097E-461A-9C1F-D665A5843762}.Release|Any CPU.Build.0 = Release|Any CPU
	EndGlobalSection
	GlobalSection(SolutionProperties) = preSolution
		HideSolutionNode = FALSE
	EndGlobalSection
	GlobalSection(ExtensibilityGlobals) = postSolution
		SolutionGuid = {D8F3D1E4-58F5-4DFF-95B5-C0257D8661C4}
	EndGlobalSection
EndGlobal
